
Microsoft Visual Studio Solution File, Format Version 12.00
# Visual Studio 15
VisualStudioVersion = 15.0.28307.168
MinimumVisualStudioVersion = 10.0.40219.1
Project("{8BC9CEB8-8B4A-11D0-8D11-00A0C91BC942}") = "juul-menu", "juul-menu\juul-menu.vcxproj", "{AE24CBDE-32EC-4C7E-9CBD-9779062A9951}"
EndProject
Global
	GlobalSection(SolutionConfigurationPlatforms) = preSolution
		Debug|ARM = Debug|ARM
		Debug|ARM64 = Debug|ARM64
		Debug|x64 = Debug|x64
		Debug|x86 = Debug|x86
		Release|ARM = Release|ARM
		Release|ARM64 = Release|ARM64
		Release|x64 = Release|x64
		Release|x86 = Release|x86
	EndGlobalSection
	GlobalSection(ProjectConfigurationPlatforms) = postSolution
		{AE24CBDE-32EC-4C7E-9CBD-9779062A9951}.Debug|ARM.ActiveCfg = Debug|ARM
		{AE24CBDE-32EC-4C7E-9CBD-9779062A9951}.Debug|ARM.Build.0 = Debug|ARM
		{AE24CBDE-32EC-4C7E-9CBD-9779062A9951}.Debug|ARM64.ActiveCfg = Debug|ARM64
		{AE24CBDE-32EC-4C7E-9CBD-9779062A9951}.Debug|ARM64.Build.0 = Debug|ARM64
		{AE24CBDE-32EC-4C7E-9CBD-9779062A9951}.Debug|x64.ActiveCfg = Debug|x64
		{AE24CBDE-32EC-4C7E-9CBD-9779062A9951}.Debug|x64.Build.0 = Debug|x64
		{AE24CBDE-32EC-4C7E-9CBD-9779062A9951}.Debug|x86.ActiveCfg = Debug|x86
		{AE24CBDE-32EC-4C7E-9CBD-9779062A9951}.Debug|x86.Build.0 = Debug|x86
		{AE24CBDE-32EC-4C7E-9CBD-9779062A9951}.Release|ARM.ActiveCfg = Release|ARM
		{AE24CBDE-32EC-4C7E-9CBD-9779062A9951}.Release|ARM.Build.0 = Release|ARM
		{AE24CBDE-32EC-4C7E-9CBD-9779062A9951}.Release|ARM64.ActiveCfg = Release|ARM64
		{AE24CBDE-32EC-4C7E-9CBD-9779062A9951}.Release|ARM64.Build.0 = Release|ARM64
		{AE24CBDE-32EC-4C7E-9CBD-9779062A9951}.Release|x64.ActiveCfg = Release|x64
		{AE24CBDE-32EC-4C7E-9CBD-9779062A9951}.Release|x64.Build.0 = Release|x64
		{AE24CBDE-32EC-4C7E-9CBD-9779062A9951}.Release|x86.ActiveCfg = Release|x86
		{AE24CBDE-32EC-4C7E-9CBD-9779062A9951}.Release|x86.Build.0 = Release|x86
	EndGlobalSection
	GlobalSection(SolutionProperties) = preSolution
		HideSolutionNode = FALSE
	EndGlobalSection
	GlobalSection(ExtensibilityGlobals) = postSolution
		SolutionGuid = {307C2F80-102E-484B-B7AC-EAACD5388E18}
	EndGlobalSection
EndGlobal
